{
    "_readme": [
        "This file locks the dependencies of your project to a known state",
        "Read more about it at https://getcomposer.org/doc/01-basic-usage.md#composer-lock-the-lock-file",
        "This file is @generated automatically"
    ],
    "hash": "6001eda6a21173ee2fe7d0c7b06187be",
    "content-hash": "082e16e0ab8023b6668f521502357b9c",
    "packages": [],
    "packages-dev": [
        {
            "name": "d11wtq/boris",
            "version": "v1.0.10",
            "source": {
                "type": "git",
                "url": "https://github.com/borisrepl/boris.git",
                "reference": "31055b15e2d3fe47f31f6aa8e277f8f3fc7eb483"
            },
            "dist": {
                "type": "zip",
                "url": "https://api.github.com/repos/borisrepl/boris/zipball/31055b15e2d3fe47f31f6aa8e277f8f3fc7eb483",
                "reference": "31055b15e2d3fe47f31f6aa8e277f8f3fc7eb483",
                "shasum": ""
            },
            "require": {
                "ext-pcntl": "*",
                "ext-posix": "*",
                "ext-readline": "*",
                "php": ">=5.3.0"
            },
            "bin": [
                "bin/boris"
            ],
            "type": "library",
            "autoload": {
                "psr-0": {
                    "Boris": "lib"
                }
            },
            "notification-url": "https://packagist.org/downloads/",
            "license": [
                "MIT"
            ],
            "description": "A tiny, but robust REPL (Read-Evaluate-Print-Loop) for PHP.",
            "time": "2015-03-01 08:05:19"
        },
        {
            "name": "drupal/coder",
            "version": "8.2.4",
            "source": {
                "type": "git",
                "url": "http://git.drupal.org/project/coder.git",
                "reference": "a17014450dd79ae5ca51cc08427635b1e0570f0a"
            },
            "require": {
                "php": ">=5.2.0",
                "squizlabs/php_codesniffer": ">=2.3.3"
            },
            "require-dev": {
                "phpunit/phpunit": ">=3.7 <5.0"
            },
            "type": "library",
            "notification-url": "https://packagist.org/downloads/",
            "license": [
                "GPL-2.0+"
            ],
            "description": "Coder is a library to review Drupal code.",
            "homepage": "https://drupal.org/project/coder",
            "keywords": [
                "code review",
                "phpcs",
                "standards"
            ],
            "time": "2015-10-06 21:41:06"
        },
        {
            "name": "drush/drush",
            "version": "7.1.0",
            "source": {
                "type": "git",
                "url": "https://github.com/drush-ops/drush.git",
                "reference": "7e5e4b15e617ed77804d836a66229a70a67025c9"
            },
            "dist": {
                "type": "zip",
                "url": "https://api.github.com/repos/drush-ops/drush/zipball/7e5e4b15e617ed77804d836a66229a70a67025c9",
                "reference": "7e5e4b15e617ed77804d836a66229a70a67025c9",
                "shasum": ""
            },
            "require": {
                "d11wtq/boris": "~1.0",
                "pear/console_table": "~1.2.0",
                "php": ">=5.3.0",
                "symfony/var-dumper": "^2.6.3",
                "symfony/yaml": "~2.2"
            },
            "require-dev": {
                "phpunit/phpunit": ">=3.5",
                "symfony/process": "2.4.5"
            },
            "bin": [
                "drush",
                "drush.php",
                "drush.bat",
                "drush.complete.sh"
            ],
            "type": "library",
            "extra": {
                "branch-alias": {
                    "dev-master": "7.0.x-dev"
                }
            },
            "autoload": {
                "psr-0": {
                    "Drush": "lib/"
                }
            },
            "notification-url": "https://packagist.org/downloads/",
            "license": [
                "GPL-2.0+"
            ],
            "authors": [
                {
                    "name": "Moshe Weitzman",
                    "email": "weitzman@tejasa.com"
                },
                {
                    "name": "Owen Barton",
                    "email": "drupal@owenbarton.com"
                },
                {
                    "name": "Mark Sonnabaum",
                    "email": "marksonnabaum@gmail.com"
                },
                {
                    "name": "Antoine Beaupré",
                    "email": "anarcat@koumbit.org"
                },
                {
                    "name": "Greg Anderson",
                    "email": "greg.1.anderson@greenknowe.org"
                },
                {
                    "name": "Jonathan Araña Cruz",
                    "email": "jonhattan@faita.net"
                },
                {
                    "name": "Jonathan Hedstrom",
                    "email": "jhedstrom@gmail.com"
                },
                {
                    "name": "Christopher Gervais",
                    "email": "chris@ergonlogic.com"
                }
            ],
            "description": "Drush is a command line shell and scripting interface for Drupal, a veritable Swiss Army knife designed to make life easier for those of us who spend some of our working hours hacking away at the command prompt.",
            "homepage": "http://www.drush.org",
            "time": "2015-10-23 12:48:00"
        },
        {
            "name": "pear/console_table",
            "version": "1.2.1",
            "source": {
                "type": "git",
                "url": "https://github.com/RobLoach/Console_Table.git",
                "reference": "10d89fbbe533351dcfe5dc1e84de25d9a8395950"
            },
            "dist": {
                "type": "zip",
                "url": "https://api.github.com/repos/RobLoach/Console_Table/zipball/10d89fbbe533351dcfe5dc1e84de25d9a8395950",
                "reference": "10d89fbbe533351dcfe5dc1e84de25d9a8395950",
                "shasum": ""
            },
            "require": {
                "php": ">=4.3.10"
            },
            "suggest": {
                "pear/Console_Color2": ">=0.1.2"
            },
            "type": "library",
            "autoload": {
                "classmap": [
                    "Table.php"
                ]
            },
            "notification-url": "https://packagist.org/downloads/",
            "license": [
                "BSD-2-Clause"
            ],
            "authors": [
                {
                    "name": "Jan Schneider",
                    "homepage": "http://pear.php.net/user/yunosh"
                },
                {
                    "name": "Tal Peer",
                    "homepage": "http://pear.php.net/user/tal"
                },
                {
                    "name": "Xavier Noguer",
                    "homepage": "http://pear.php.net/user/xnoguer"
                },
                {
                    "name": "Richard Heyes",
                    "homepage": "http://pear.php.net/user/richard"
                }
            ],
            "description": "Library that makes it easy to build console style tables.",
            "homepage": "http://pear.php.net/package/Console_Table/",
            "keywords": [
                "console"
            ],
            "time": "2014-10-27 10:04:49"
        },
        {
            "name": "squizlabs/php_codesniffer",
            "version": "2.3.4",
            "source": {
                "type": "git",
                "url": "https://github.com/squizlabs/PHP_CodeSniffer.git",
                "reference": "11a2545c44a5915f883e2e5ec12e14ed345e3ab2"
            },
            "dist": {
                "type": "zip",
                "url": "https://api.github.com/repos/squizlabs/PHP_CodeSniffer/zipball/11a2545c44a5915f883e2e5ec12e14ed345e3ab2",
                "reference": "11a2545c44a5915f883e2e5ec12e14ed345e3ab2",
                "shasum": ""
            },
            "require": {
                "ext-tokenizer": "*",
                "ext-xmlwriter": "*",
                "php": ">=5.1.2"
            },
            "bin": [
                "scripts/phpcs",
                "scripts/phpcbf"
            ],
            "type": "library",
            "extra": {
                "branch-alias": {
                    "dev-master": "2.0.x-dev"
                }
            },
            "autoload": {
                "classmap": [
                    "CodeSniffer.php",
                    "CodeSniffer/CLI.php",
                    "CodeSniffer/Exception.php",
                    "CodeSniffer/File.php",
                    "CodeSniffer/Fixer.php",
                    "CodeSniffer/Report.php",
                    "CodeSniffer/Reporting.php",
                    "CodeSniffer/Sniff.php",
                    "CodeSniffer/Tokens.php",
                    "CodeSniffer/Reports/",
                    "CodeSniffer/Tokenizers/",
                    "CodeSniffer/DocGenerators/",
                    "CodeSniffer/Standards/AbstractPatternSniff.php",
                    "CodeSniffer/Standards/AbstractScopeSniff.php",
                    "CodeSniffer/Standards/AbstractVariableSniff.php",
                    "CodeSniffer/Standards/IncorrectPatternException.php",
                    "CodeSniffer/Standards/Generic/Sniffs/",
                    "CodeSniffer/Standards/MySource/Sniffs/",
                    "CodeSniffer/Standards/PEAR/Sniffs/",
                    "CodeSniffer/Standards/PSR1/Sniffs/",
                    "CodeSniffer/Standards/PSR2/Sniffs/",
                    "CodeSniffer/Standards/Squiz/Sniffs/",
                    "CodeSniffer/Standards/Zend/Sniffs/"
                ]
            },
            "notification-url": "https://packagist.org/downloads/",
            "license": [
                "BSD-3-Clause"
            ],
            "authors": [
                {
                    "name": "Greg Sherwood",
                    "role": "lead"
                }
            ],
            "description": "PHP_CodeSniffer tokenizes PHP, JavaScript and CSS files and detects violations of a defined set of coding standards.",
            "homepage": "http://www.squizlabs.com/php-codesniffer",
            "keywords": [
                "phpcs",
                "standards"
            ],
            "time": "2015-09-09 00:18:50"
        },
        {
            "name": "symfony/polyfill-mbstring",
            "version": "dev-master",
            "source": {
                "type": "git",
                "url": "https://github.com/symfony/polyfill-mbstring.git",
                "reference": "49ff736bd5d41f45240cec77b44967d76e0c3d25"
            },
            "dist": {
                "type": "zip",
                "url": "https://api.github.com/repos/symfony/polyfill-mbstring/zipball/49ff736bd5d41f45240cec77b44967d76e0c3d25",
                "reference": "49ff736bd5d41f45240cec77b44967d76e0c3d25",
                "shasum": ""
            },
            "require": {
                "php": ">=5.3.3"
            },
            "suggest": {
                "ext-mbstring": "For best performance"
            },
            "type": "library",
            "extra": {
                "branch-alias": {
                    "dev-master": "1.0-dev"
                }
            },
            "autoload": {
                "psr-4": {
                    "Symfony\\Polyfill\\Mbstring\\": ""
                },
                "files": [
                    "bootstrap.php"
                ]
            },
            "notification-url": "https://packagist.org/downloads/",
            "license": [
                "MIT"
            ],
            "authors": [
                {
                    "name": "Nicolas Grekas",
                    "email": "p@tchwork.com"
                },
                {
                    "name": "Symfony Community",
                    "homepage": "https://symfony.com/contributors"
                }
            ],
            "description": "Symfony polyfill for the Mbstring extension",
            "homepage": "https://symfony.com",
            "keywords": [
                "compatibility",
                "mbstring",
                "polyfill",
                "portable",
                "shim"
            ],
            "time": "2015-11-20 09:19:13"
        },
        {
            "name": "symfony/var-dumper",
            "version": "2.8.x-dev",
            "source": {
                "type": "git",
                "url": "https://github.com/symfony/var-dumper.git",
                "reference": "e6f3855005f2bfad7d7e72431d374a6478893fe3"
            },
            "dist": {
                "type": "zip",
                "url": "https://api.github.com/repos/symfony/var-dumper/zipball/e6f3855005f2bfad7d7e72431d374a6478893fe3",
                "reference": "e6f3855005f2bfad7d7e72431d374a6478893fe3",
                "shasum": ""
            },
            "require": {
                "php": ">=5.3.9",
                "symfony/polyfill-mbstring": "~1.0"
            },
            "require-dev": {
                "twig/twig": "~1.20|~2.0"
            },
            "suggest": {
                "ext-symfony_debug": ""
            },
            "type": "library",
            "extra": {
                "branch-alias": {
                    "dev-master": "2.8-dev"
                }
            },
            "autoload": {
                "files": [
                    "Resources/functions/dump.php"
                ],
                "psr-4": {
                    "Symfony\\Component\\VarDumper\\": ""
                },
                "exclude-from-classmap": [
                    "/Tests/"
                ]
            },
            "notification-url": "https://packagist.org/downloads/",
            "license": [
                "MIT"
            ],
            "authors": [
                {
                    "name": "Nicolas Grekas",
                    "email": "p@tchwork.com"
                },
                {
                    "name": "Symfony Community",
                    "homepage": "https://symfony.com/contributors"
                }
            ],
            "description": "Symfony mechanism for exploring and dumping PHP variables",
            "homepage": "https://symfony.com",
            "keywords": [
                "debug",
                "dump"
            ],
            "time": "2015-11-18 13:45:00"
        },
        {
            "name": "symfony/yaml",
            "version": "2.8.x-dev",
            "source": {
                "type": "git",
                "url": "https://github.com/symfony/yaml.git",
                "reference": "f79824187de95064a2f5038904c4d7f0227fedb5"
            },
            "dist": {
                "type": "zip",
                "url": "https://api.github.com/repos/symfony/yaml/zipball/f79824187de95064a2f5038904c4d7f0227fedb5",
                "reference": "f79824187de95064a2f5038904c4d7f0227fedb5",
                "shasum": ""
            },
            "require": {
                "php": ">=5.3.9"
            },
            "type": "library",
            "extra": {
                "branch-alias": {
                    "dev-master": "2.8-dev"
                }
            },
            "autoload": {
                "psr-4": {
                    "Symfony\\Component\\Yaml\\": ""
                },
                "exclude-from-classmap": [
                    "/Tests/"
                ]
            },
            "notification-url": "https://packagist.org/downloads/",
            "license": [
                "MIT"
            ],
            "authors": [
                {
                    "name": "Fabien Potencier",
                    "email": "fabien@symfony.com"
                },
                {
                    "name": "Symfony Community",
                    "homepage": "https://symfony.com/contributors"
                }
            ],
            "description": "Symfony Yaml Component",
            "homepage": "https://symfony.com",
            "time": "2015-11-30 12:35:10"
        }
    ],
    "aliases": [],
    "minimum-stability": "dev",
    "stability-flags": [],
    "prefer-stable": false,
    "prefer-lowest": false,
    "platform": [],
    "platform-dev": []
}
